{
  "name": "mastermind",
  "version": "1.0.0",
  "lockfileVersion": 3,
  "requires": true,
  "packages": {
    "": {
      "name": "mastermind",
      "version": "1.0.0",
      "license": "ISC",
      "devDependencies": {
        "@types/backbone": "^1.4.23",
        "@types/jquery": "^4.0.1",
        "@types/underscore": "^1.13.0"
      }
    },
    "node_modules/@types/backbone": {
      "version": "1.4.23",
      "resolved": "https://registry.npmjs.org/@types/backbone/-/backbone-1.4.23.tgz",
      "integrity": "sha512-B/hN/DAJdWFOusEkEoa5xgfVuxJJPOR/6JQ2uwURPDyKL24PuC76IR6EcSRJ6lvGWtxHRQYMJQhJYm6KpMDtGQ==",
      "dev": true,
      "license": "MIT",
      "dependencies": {
        "@types/jquery": "*",
        "@types/underscore": "*"
      }
    },
    "node_modules/@types/jquery": {
      "version": "4.0.1",
      "resolved": "https://registry.npmjs.org/@types/jquery/-/jquery-4.0.1.tgz",
      "integrity": "sha512-9a59A/tycXgYuPABcp6/3spSShn0NT2UOM4EfHvMumjYi4lJWTsK5SZWjhx3yRm9IHGCeWXdV2YfNsrWrft/CA==",
      "dev": true,
      "license": "MIT"
    },
    "node_modules/@types/underscore": {
      "version": "1.13.0",
      "resolved": "https://registry.npmjs.org/@types/underscore/-/underscore-1.13.0.tgz",
      "integrity": "sha512-L6LBgy1f0EFQZ+7uSA57+n2g/s4Qs5r06Vwrwn0/nuK1de+adz00NWaztRQ30aEqw5qOaWbPI8u2cGQ52lj6VA==",
      "dev": true,
      "license": "MIT"
    }
  }
}
